{
  "name": "sellent.in",
  "version": "0.0.1",
  "lockfileVersion": 2,
  "requires": true,
  "packages": {
    "": {
      "name": "sellent.in",
      "version": "0.0.1",
      "license": "MIT",
      "dependencies": {
        "etro": "^0.9.1"
      }
    },
    "node_modules/etro": {
      "version": "0.9.1",
      "resolved": "https://registry.npmjs.org/etro/-/etro-0.9.1.tgz",
      "integrity": "sha512-gZ1SFMImX8OVyibgtUyZArVHnt27aNnuC2R+OZSgUJLElH0O49Da1uoZ1FwJVp4pdfYsl9yS3q4g3SOyjlPEMA=="
    }
  },
  "dependencies": {
    "etro": {
      "version": "0.9.1",
      "resolved": "https://registry.npmjs.org/etro/-/etro-0.9.1.tgz",
      "integrity": "sha512-gZ1SFMImX8OVyibgtUyZArVHnt27aNnuC2R+OZSgUJLElH0O49Da1uoZ1FwJVp4pdfYsl9yS3q4g3SOyjlPEMA=="
    }
  }
}
